
Microsoft Visual Studio Solution File, Format Version 12.00
# Visual Studio Version 17
VisualStudioVersion = 17.8.34525.116
MinimumVisualStudioVersion = 10.0.40219.1
Project("{FAE04EC0-301F-11D3-BF4B-00C04F79EFBC}") = "BusquedaLineal", "BusquedaLineal\BusquedaLineal.csproj", "{C6B69994-9683-4B81-9412-CEBFC15DE233}"
EndProject
Global
	GlobalSection(SolutionConfigurationPlatforms) = preSolution
		Debug|Any CPU = Debug|Any CPU
		Release|Any CPU = Release|Any CPU
	EndGlobalSection
	GlobalSection(ProjectConfigurationPlatforms) = postSolution
		{C6B69994-9683-4B81-9412-CEBFC15DE233}.Debug|Any CPU.ActiveCfg = Debug|Any CPU
		{C6B69994-9683-4B81-9412-CEBFC15DE233}.Debug|Any CPU.Build.0 = Debug|Any CPU
		{C6B69994-9683-4B81-9412-CEBFC15DE233}.Release|Any CPU.ActiveCfg = Release|Any CPU
		{C6B69994-9683-4B81-9412-CEBFC15DE233}.Release|Any CPU.Build.0 = Release|Any CPU
	EndGlobalSection
	GlobalSection(SolutionProperties) = preSolution
		HideSolutionNode = FALSE
	EndGlobalSection
	GlobalSection(ExtensibilityGlobals) = postSolution
		SolutionGuid = {D0B67B60-AA34-40DC-98E0-1D412F2D3140}
	EndGlobalSection
EndGlobal
